
Microsoft Visual Studio Solution File, Format Version 12.00
# Visual Studio Version 17
VisualStudioVersion = 17.6.33723.286
MinimumVisualStudioVersion = 10.0.40219.1
Project("{9A19103F-16F7-4668-BE54-9A1E7A4F7556}") = "HygrometerBL", "HygrometerBL\HygrometerBL.csproj", "{FD30EC3C-4779-4430-8C16-4BC632773DB7}"
EndProject
Project("{9A19103F-16F7-4668-BE54-9A1E7A4F7556}") = "HygrometerUI", "HygrometerUI\HygrometerUI.csproj", "{0AC3D794-5C60-4F96-9429-F8BB85736F52}"
EndProject
Project("{FAE04EC0-301F-11D3-BF4B-00C04F79EFBC}") = "HygrometerWPFUI", "HygrometerWPFUI\HygrometerWPFUI.csproj", "{A4731A70-5AF5-461D-9EA9-7AFECB8EF648}"
EndProject
Global
	GlobalSection(SolutionConfigurationPlatforms) = preSolution
		Debug|Any CPU = Debug|Any CPU
		Release|Any CPU = Release|Any CPU
	EndGlobalSection
	GlobalSection(ProjectConfigurationPlatforms) = postSolution
		{FD30EC3C-4779-4430-8C16-4BC632773DB7}.Debug|Any CPU.ActiveCfg = Debug|Any CPU
		{FD30EC3C-4779-4430-8C16-4BC632773DB7}.Debug|Any CPU.Build.0 = Debug|Any CPU
		{FD30EC3C-4779-4430-8C16-4BC632773DB7}.Release|Any CPU.ActiveCfg = Release|Any CPU
		{FD30EC3C-4779-4430-8C16-4BC632773DB7}.Release|Any CPU.Build.0 = Release|Any CPU
		{0AC3D794-5C60-4F96-9429-F8BB85736F52}.Debug|Any CPU.ActiveCfg = Debug|Any CPU
		{0AC3D794-5C60-4F96-9429-F8BB85736F52}.Debug|Any CPU.Build.0 = Debug|Any CPU
		{0AC3D794-5C60-4F96-9429-F8BB85736F52}.Release|Any CPU.ActiveCfg = Release|Any CPU
		{0AC3D794-5C60-4F96-9429-F8BB85736F52}.Release|Any CPU.Build.0 = Release|Any CPU
		{A4731A70-5AF5-461D-9EA9-7AFECB8EF648}.Debug|Any CPU.ActiveCfg = Debug|Any CPU
		{A4731A70-5AF5-461D-9EA9-7AFECB8EF648}.Debug|Any CPU.Build.0 = Debug|Any CPU
		{A4731A70-5AF5-461D-9EA9-7AFECB8EF648}.Release|Any CPU.ActiveCfg = Release|Any CPU
		{A4731A70-5AF5-461D-9EA9-7AFECB8EF648}.Release|Any CPU.Build.0 = Release|Any CPU
	EndGlobalSection
	GlobalSection(SolutionProperties) = preSolution
		HideSolutionNode = FALSE
	EndGlobalSection
	GlobalSection(ExtensibilityGlobals) = postSolution
		SolutionGuid = {26B5A1DC-7468-40B9-83D6-BC54DDFDE62E}
	EndGlobalSection
EndGlobal
